// !$*UTF8*$!
{
	archiveVersion = 1;
	classes = {
	};
	objectVersion = 46;
	objects = {

/* Begin PBXBuildFile section */
		0A8E3ECC67588FEEAD1DF332 /* Pods_eShares_iOS_Challenge.framework in Frameworks */ = {isa = PBXBuildFile; fileRef = 6689F2C2F7D6019A011753DA /* Pods_eShares_iOS_Challenge.framework */; };
		74794048C4765D28B079CD75 /* Pods_eShares_iOS_ChallengeUITests.framework in Frameworks */ = {isa = PBXBuildFile; fileRef = 10DC5779758BA4CB7EF36A05 /* Pods_eShares_iOS_ChallengeUITests.framework */; };
		AF86D24B1E7208640034C1B3 /* ReleaseTableViewCell.swift in Sources */ = {isa = PBXBuildFile; fileRef = AF86D24A1E7208640034C1B3 /* ReleaseTableViewCell.swift */; };
		AF86D24D1E720A700034C1B3 /* ReleaseDetailsViewController.swift in Sources */ = {isa = PBXBuildFile; fileRef = AF86D24C1E720A700034C1B3 /* ReleaseDetailsViewController.swift */; };
		AF86D24F1E7210990034C1B3 /* UIImageView+Fetch.swift in Sources */ = {isa = PBXBuildFile; fileRef = AF86D24E1E7210990034C1B3 /* UIImageView+Fetch.swift */; };
		AFD4EEA51E6F7983008F42D2 /* AppDelegate.swift in Sources */ = {isa = PBXBuildFile; fileRef = AFD4EEA41E6F7983008F42D2 /* AppDelegate.swift */; };
		AFD4EEA71E6F7983008F42D2 /* ReleaseTableViewController.swift in Sources */ = {isa = PBXBuildFile; fileRef = AFD4EEA61E6F7983008F42D2 /* ReleaseTableViewController.swift */; };
		AFD4EEAA1E6F7983008F42D2 /* Main.storyboard in Resources */ = {isa = PBXBuildFile; fileRef = AFD4EEA81E6F7983008F42D2 /* Main.storyboard */; };
		AFD4EEAF1E6F7983008F42D2 /* Assets.xcassets in Resources */ = {isa = PBXBuildFile; fileRef = AFD4EEAE1E6F7983008F42D2 /* Assets.xcassets */; };
		AFD4EEB21E6F7983008F42D2 /* LaunchScreen.storyboard in Resources */ = {isa = PBXBuildFile; fileRef = AFD4EEB01E6F7983008F42D2 /* LaunchScreen.storyboard */; };
		AFD4EEBD1E6F7983008F42D2 /* eShares_iOS_ChallengeTests.swift in Sources */ = {isa = PBXBuildFile; fileRef = AFD4EEBC1E6F7983008F42D2 /* eShares_iOS_ChallengeTests.swift */; };
		AFD4EEC81E6F7983008F42D2 /* eShares_iOS_ChallengeUITests.swift in Sources */ = {isa = PBXBuildFile; fileRef = AFD4EEC71E6F7983008F42D2 /* eShares_iOS_ChallengeUITests.swift */; };
		AFD4EED81E6F7BAA008F42D2 /* ReleaseModel.swift in Sources */ = {isa = PBXBuildFile; fileRef = AFD4EED71E6F7BAA008F42D2 /* ReleaseModel.swift */; };
		AFD4EEDA1E6F7BEC008F42D2 /* SpotifyManager.swift in Sources */ = {isa = PBXBuildFile; fileRef = AFD4EED91E6F7BEC008F42D2 /* SpotifyManager.swift */; };
		AFD4EEDC1E6F7C20008F42D2 /* SpotifyDelegate.swift in Sources */ = {isa = PBXBuildFile; fileRef = AFD4EEDB1E6F7C20008F42D2 /* SpotifyDelegate.swift */; };
		AFD4EEDE1E6F7C4B008F42D2 /* Config.swift in Sources */ = {isa = PBXBuildFile; fileRef = AFD4EEDD1E6F7C4B008F42D2 /* Config.swift */; };
		C7356FEB30F98221621EC1DC /* Pods_eShares_iOS_ChallengeTests.framework in Frameworks */ = {isa = PBXBuildFile; fileRef = 2CCA11422C7E093BE9869B86 /* Pods_eShares_iOS_ChallengeTests.framework */; };
/* End PBXBuildFile section */

/* Begin PBXContainerItemProxy section */
		AFD4EEB91E6F7983008F42D2 /* PBXContainerItemProxy */ = {
			isa = PBXContainerItemProxy;
			containerPortal = AFD4EE991E6F7982008F42D2 /* Project object */;
			proxyType = 1;
			remoteGlobalIDString = AFD4EEA01E6F7982008F42D2;
			remoteInfo = "eShares-iOS-Challenge";
		};
		AFD4EEC41E6F7983008F42D2 /* PBXContainerItemProxy */ = {
			isa = PBXContainerItemProxy;
			containerPortal = AFD4EE991E6F7982008F42D2 /* Project object */;
			proxyType = 1;
			remoteGlobalIDString = AFD4EEA01E6F7982008F42D2;
			remoteInfo = "eShares-iOS-Challenge";
		};
/* End PBXContainerItemProxy section */

/* Begin PBXFileReference section */
		02A773CCB1C93BF3B278656C /* Pods-eShares-iOS-ChallengeTests.debug.xcconfig */ = {isa = PBXFileReference; includeInIndex = 1; lastKnownFileType = text.xcconfig; name = "Pods-eShares-iOS-ChallengeTests.debug.xcconfig"; path = "Pods/Target Support Files/Pods-eShares-iOS-ChallengeTests/Pods-eShares-iOS-ChallengeTests.debug.xcconfig"; sourceTree = "<group>"; };
		10DC5779758BA4CB7EF36A05 /* Pods_eShares_iOS_ChallengeUITests.framework */ = {isa = PBXFileReference; explicitFileType = wrapper.framework; includeInIndex = 0; path = Pods_eShares_iOS_ChallengeUITests.framework; sourceTree = BUILT_PRODUCTS_DIR; };
		2CCA11422C7E093BE9869B86 /* Pods_eShares_iOS_ChallengeTests.framework */ = {isa = PBXFileReference; explicitFileType = wrapper.framework; includeInIndex = 0; path = Pods_eShares_iOS_ChallengeTests.framework; sourceTree = BUILT_PRODUCTS_DIR; };
		2FB04D5341B037E4C030A9FF /* Pods-eShares-iOS-ChallengeUITests.debug.xcconfig */ = {isa = PBXFileReference; includeInIndex = 1; lastKnownFileType = text.xcconfig; name = "Pods-eShares-iOS-ChallengeUITests.debug.xcconfig"; path = "Pods/Target Support Files/Pods-eShares-iOS-ChallengeUITests/Pods-eShares-iOS-ChallengeUITests.debug.xcconfig"; sourceTree = "<group>"; };
		376DD7448F3A42BF5E3F2ED3 /* Pods-eShares-iOS-Challenge.debug.xcconfig */ = {isa = PBXFileReference; includeInIndex = 1; lastKnownFileType = text.xcconfig; name = "Pods-eShares-iOS-Challenge.debug.xcconfig"; path = "Pods/Target Support Files/Pods-eShares-iOS-Challenge/Pods-eShares-iOS-Challenge.debug.xcconfig"; sourceTree = "<group>"; };
		658599B5F89D5B4A7EA3432C /* Pods-eShares-iOS-ChallengeTests.release.xcconfig */ = {isa = PBXFileReference; includeInIndex = 1; lastKnownFileType = text.xcconfig; name = "Pods-eShares-iOS-ChallengeTests.release.xcconfig"; path = "Pods/Target Support Files/Pods-eShares-iOS-ChallengeTests/Pods-eShares-iOS-ChallengeTests.release.xcconfig"; sourceTree = "<group>"; };
		6689F2C2F7D6019A011753DA /* Pods_eShares_iOS_Challenge.framework */ = {isa = PBXFileReference; explicitFileType = wrapper.framework; includeInIndex = 0; path = Pods_eShares_iOS_Challenge.framework; sourceTree = BUILT_PRODUCTS_DIR; };
		AF86D24A1E7208640034C1B3 /* ReleaseTableViewCell.swift */ = {isa = PBXFileReference; fileEncoding = 4; lastKnownFileType = sourcecode.swift; path = ReleaseTableViewCell.swift; sourceTree = "<group>"; };
		AF86D24C1E720A700034C1B3 /* ReleaseDetailsViewController.swift */ = {isa = PBXFileReference; fileEncoding = 4; lastKnownFileType = sourcecode.swift; path = ReleaseDetailsViewController.swift; sourceTree = "<group>"; };
		AF86D24E1E7210990034C1B3 /* UIImageView+Fetch.swift */ = {isa = PBXFileReference; fileEncoding = 4; lastKnownFileType = sourcecode.swift; path = "UIImageView+Fetch.swift"; sourceTree = "<group>"; };
		AFD4EEA11E6F7983008F42D2 /* eShares-iOS-Challenge.app */ = {isa = PBXFileReference; explicitFileType = wrapper.application; includeInIndex = 0; path = "eShares-iOS-Challenge.app"; sourceTree = BUILT_PRODUCTS_DIR; };
		AFD4EEA41E6F7983008F42D2 /* AppDelegate.swift */ = {isa = PBXFileReference; lastKnownFileType = sourcecode.swift; path = AppDelegate.swift; sourceTree = "<group>"; };
		AFD4EEA61E6F7983008F42D2 /* ReleaseTableViewController.swift */ = {isa = PBXFileReference; lastKnownFileType = sourcecode.swift; path = ReleaseTableViewController.swift; sourceTree = "<group>"; };
		AFD4EEA91E6F7983008F42D2 /* Base */ = {isa = PBXFileReference; lastKnownFileType = file.storyboard; name = Base; path = Base.lproj/Main.storyboard; sourceTree = "<group>"; };
		AFD4EEAE1E6F7983008F42D2 /* Assets.xcassets */ = {isa = PBXFileReference; lastKnownFileType = folder.assetcatalog; path = Assets.xcassets; sourceTree = "<group>"; };
		AFD4EEB11E6F7983008F42D2 /* Base */ = {isa = PBXFileReference; lastKnownFileType = file.storyboard; name = Base; path = Base.lproj/LaunchScreen.storyboard; sourceTree = "<group>"; };
		AFD4EEB31E6F7983008F42D2 /* Info.plist */ = {isa = PBXFileReference; lastKnownFileType = text.plist.xml; path = Info.plist; sourceTree = "<group>"; };
		AFD4EEB81E6F7983008F42D2 /* eShares-iOS-ChallengeTests.xctest */ = {isa = PBXFileReference; explicitFileType = wrapper.cfbundle; includeInIndex = 0; path = "eShares-iOS-ChallengeTests.xctest"; sourceTree = BUILT_PRODUCTS_DIR; };
		AFD4EEBC1E6F7983008F42D2 /* eShares_iOS_ChallengeTests.swift */ = {isa = PBXFileReference; lastKnownFileType = sourcecode.swift; path = eShares_iOS_ChallengeTests.swift; sourceTree = "<group>"; };
		AFD4EEBE1E6F7983008F42D2 /* Info.plist */ = {isa = PBXFileReference; lastKnownFileType = text.plist.xml; path = Info.plist; sourceTree = "<group>"; };
		AFD4EEC31E6F7983008F42D2 /* eShares-iOS-ChallengeUITests.xctest */ = {isa = PBXFileReference; explicitFileType = wrapper.cfbundle; includeInIndex = 0; path = "eShares-iOS-ChallengeUITests.xctest"; sourceTree = BUILT_PRODUCTS_DIR; };
		AFD4EEC71E6F7983008F42D2 /* eShares_iOS_ChallengeUITests.swift */ = {isa = PBXFileReference; lastKnownFileType = sourcecode.swift; path = eShares_iOS_ChallengeUITests.swift; sourceTree = "<group>"; };
		AFD4EEC91E6F7983008F42D2 /* Info.plist */ = {isa = PBXFileReference; lastKnownFileType = text.plist.xml; path = Info.plist; sourceTree = "<group>"; };
		AFD4EED71E6F7BAA008F42D2 /* ReleaseModel.swift */ = {isa = PBXFileReference; fileEncoding = 4; lastKnownFileType = sourcecode.swift; path = ReleaseModel.swift; sourceTree = "<group>"; };
		AFD4EED91E6F7BEC008F42D2 /* SpotifyManager.swift */ = {isa = PBXFileReference; fileEncoding = 4; lastKnownFileType = sourcecode.swift; path = SpotifyManager.swift; sourceTree = "<group>"; };
		AFD4EEDB1E6F7C20008F42D2 /* SpotifyDelegate.swift */ = {isa = PBXFileReference; fileEncoding = 4; lastKnownFileType = sourcecode.swift; path = SpotifyDelegate.swift; sourceTree = "<group>"; };
		AFD4EEDD1E6F7C4B008F42D2 /* Config.swift */ = {isa = PBXFileReference; fileEncoding = 4; lastKnownFileType = sourcecode.swift; path = Config.swift; sourceTree = "<group>"; };
		C3377DDF702F0B3D9045C9D1 /* Pods-eShares-iOS-Challenge.release.xcconfig */ = {isa = PBXFileReference; includeInIndex = 1; lastKnownFileType = text.xcconfig; name = "Pods-eShares-iOS-Challenge.release.xcconfig"; path = "Pods/Target Support Files/Pods-eShares-iOS-Challenge/Pods-eShares-iOS-Challenge.release.xcconfig"; sourceTree = "<group>"; };
		F88EB17BB7745D0E7299D512 /* Pods-eShares-iOS-ChallengeUITests.release.xcconfig */ = {isa = PBXFileReference; includeInIndex = 1; lastKnownFileType = text.xcconfig; name = "Pods-eShares-iOS-ChallengeUITests.release.xcconfig"; path = "Pods/Target Support Files/Pods-eShares-iOS-ChallengeUITests/Pods-eShares-iOS-ChallengeUITests.release.xcconfig"; sourceTree = "<group>"; };
/* End PBXFileReference section */

/* Begin PBXFrameworksBuildPhase section */
		AFD4EE9E1E6F7982008F42D2 /* Frameworks */ = {
			isa = PBXFrameworksBuildPhase;
			buildActionMask = 2147483647;
			files = (
				0A8E3ECC67588FEEAD1DF332 /* Pods_eShares_iOS_Challenge.framework in Frameworks */,
			);
			runOnlyForDeploymentPostprocessing = 0;
		};
		AFD4EEB51E6F7983008F42D2 /* Frameworks */ = {
			isa = PBXFrameworksBuildPhase;
			buildActionMask = 2147483647;
			files = (
				C7356FEB30F98221621EC1DC /* Pods_eShares_iOS_ChallengeTests.framework in Frameworks */,
			);
			runOnlyForDeploymentPostprocessing = 0;
		};
		AFD4EEC01E6F7983008F42D2 /* Frameworks */ = {
			isa = PBXFrameworksBuildPhase;
			buildActionMask = 2147483647;
			files = (
				74794048C4765D28B079CD75 /* Pods_eShares_iOS_ChallengeUITests.framework in Frameworks */,
			);
			runOnlyForDeploymentPostprocessing = 0;
		};
/* End PBXFrameworksBuildPhase section */

/* Begin PBXGroup section */
		1CE44326319D32B4AC1C9A8A /* Pods */ = {
			isa = PBXGroup;
			children = (
				376DD7448F3A42BF5E3F2ED3 /* Pods-eShares-iOS-Challenge.debug.xcconfig */,
				C3377DDF702F0B3D9045C9D1 /* Pods-eShares-iOS-Challenge.release.xcconfig */,
				02A773CCB1C93BF3B278656C /* Pods-eShares-iOS-ChallengeTests.debug.xcconfig */,
				658599B5F89D5B4A7EA3432C /* Pods-eShares-iOS-ChallengeTests.release.xcconfig */,
				2FB04D5341B037E4C030A9FF /* Pods-eShares-iOS-ChallengeUITests.debug.xcconfig */,
				F88EB17BB7745D0E7299D512 /* Pods-eShares-iOS-ChallengeUITests.release.xcconfig */,
			);
			name = Pods;
			sourceTree = "<group>";
		};
		AF86D2491E72083A0034C1B3 /* Controllers */ = {
			isa = PBXGroup;
			children = (
				AFD4EEA61E6F7983008F42D2 /* ReleaseTableViewController.swift */,
				AF86D24A1E7208640034C1B3 /* ReleaseTableViewCell.swift */,
				AF86D24C1E720A700034C1B3 /* ReleaseDetailsViewController.swift */,
			);
			name = Controllers;
			sourceTree = "<group>";
		};
		AFD4EE981E6F7982008F42D2 = {
			isa = PBXGroup;
			children = (
				AFD4EEA31E6F7983008F42D2 /* eShares-iOS-Challenge */,
				AFD4EEBB1E6F7983008F42D2 /* eShares-iOS-ChallengeTests */,
				AFD4EEC61E6F7983008F42D2 /* eShares-iOS-ChallengeUITests */,
				AFD4EEA21E6F7983008F42D2 /* Products */,
				1CE44326319D32B4AC1C9A8A /* Pods */,
				E1B2312DFC9CF687B1BC1E57 /* Frameworks */,
			);
			sourceTree = "<group>";
		};
		AFD4EEA21E6F7983008F42D2 /* Products */ = {
			isa = PBXGroup;
			children = (
				AFD4EEA11E6F7983008F42D2 /* eShares-iOS-Challenge.app */,
				AFD4EEB81E6F7983008F42D2 /* eShares-iOS-ChallengeTests.xctest */,
				AFD4EEC31E6F7983008F42D2 /* eShares-iOS-ChallengeUITests.xctest */,
			);
			name = Products;
			sourceTree = "<group>";
		};
		AFD4EEA31E6F7983008F42D2 /* eShares-iOS-Challenge */ = {
			isa = PBXGroup;
			children = (
				AF86D2491E72083A0034C1B3 /* Controllers */,
				AFD4EED61E6F7B9D008F42D2 /* Models */,
				AFD4EED51E6F79C1008F42D2 /* Supporting Files */,
				AFD4EEA81E6F7983008F42D2 /* Main.storyboard */,
				AFD4EED91E6F7BEC008F42D2 /* SpotifyManager.swift */,
				AFD4EEDB1E6F7C20008F42D2 /* SpotifyDelegate.swift */,
				AFD4EEDD1E6F7C4B008F42D2 /* Config.swift */,
				AF86D24E1E7210990034C1B3 /* UIImageView+Fetch.swift */,
			);
			path = "eShares-iOS-Challenge";
			sourceTree = "<group>";
		};
		AFD4EEBB1E6F7983008F42D2 /* eShares-iOS-ChallengeTests */ = {
			isa = PBXGroup;
			children = (
				AFD4EEBC1E6F7983008F42D2 /* eShares_iOS_ChallengeTests.swift */,
				AFD4EEBE1E6F7983008F42D2 /* Info.plist */,
			);
			path = "eShares-iOS-ChallengeTests";
			sourceTree = "<group>";
		};
		AFD4EEC61E6F7983008F42D2 /* eShares-iOS-ChallengeUITests */ = {
			isa = PBXGroup;
			children = (
				AFD4EEC71E6F7983008F42D2 /* eShares_iOS_ChallengeUITests.swift */,
				AFD4EEC91E6F7983008F42D2 /* Info.plist */,
			);
			path = "eShares-iOS-ChallengeUITests";
			sourceTree = "<group>";
		};
		AFD4EED51E6F79C1008F42D2 /* Supporting Files */ = {
			isa = PBXGroup;
			children = (
				AFD4EEB01E6F7983008F42D2 /* LaunchScreen.storyboard */,
				AFD4EEB31E6F7983008F42D2 /* Info.plist */,
				AFD4EEAE1E6F7983008F42D2 /* Assets.xcassets */,
				AFD4EEA41E6F7983008F42D2 /* AppDelegate.swift */,
			);
			name = "Supporting Files";
			sourceTree = "<group>";
		};
		AFD4EED61E6F7B9D008F42D2 /* Models */ = {
			isa = PBXGroup;
			children = (
				AFD4EED71E6F7BAA008F42D2 /* ReleaseModel.swift */,
			);
			name = Models;
			sourceTree = "<group>";
		};
		E1B2312DFC9CF687B1BC1E57 /* Frameworks */ = {
			isa = PBXGroup;
			children = (
				6689F2C2F7D6019A011753DA /* Pods_eShares_iOS_Challenge.framework */,
				2CCA11422C7E093BE9869B86 /* Pods_eShares_iOS_ChallengeTests.framework */,
				10DC5779758BA4CB7EF36A05 /* Pods_eShares_iOS_ChallengeUITests.framework */,
			);
			name = Frameworks;
			sourceTree = "<group>";
		};
/* End PBXGroup section */

/* Begin PBXNativeTarget section */
		AFD4EEA01E6F7982008F42D2 /* eShares-iOS-Challenge */ = {
			isa = PBXNativeTarget;
			buildConfigurationList = AFD4EECC1E6F7983008F42D2 /* Build configuration list for PBXNativeTarget "eShares-iOS-Challenge" */;
			buildPhases = (
				C2E88E44A301807803D452C2 /* [CP] Check Pods Manifest.lock */,
				AFD4EE9D1E6F7982008F42D2 /* Sources */,
				AFD4EE9E1E6F7982008F42D2 /* Frameworks */,
				AFD4EE9F1E6F7982008F42D2 /* Resources */,
				43F62EBD7A12A3FEAC3072B2 /* [CP] Embed Pods Frameworks */,
				4A8E5B75A5D7C9E5FCBED8DD /* [CP] Copy Pods Resources */,
			);
			buildRules = (
			);
			dependencies = (
			);
			name = "eShares-iOS-Challenge";
			productName = "eShares-iOS-Challenge";
			productReference = AFD4EEA11E6F7983008F42D2 /* eShares-iOS-Challenge.app */;
			productType = "com.apple.product-type.application";
		};
		AFD4EEB71E6F7983008F42D2 /* eShares-iOS-ChallengeTests */ = {
			isa = PBXNativeTarget;
			buildConfigurationList = AFD4EECF1E6F7983008F42D2 /* Build configuration list for PBXNativeTarget "eShares-iOS-ChallengeTests" */;
			buildPhases = (
				4F979D911F8F81E61C423525 /* [CP] Check Pods Manifest.lock */,
				AFD4EEB41E6F7983008F42D2 /* Sources */,
				AFD4EEB51E6F7983008F42D2 /* Frameworks */,
				AFD4EEB61E6F7983008F42D2 /* Resources */,
				09EEAF11A4AFA884B237D29C /* [CP] Embed Pods Frameworks */,
				03374E2D2FDA3FC39B7D925B /* [CP] Copy Pods Resources */,
			);
			buildRules = (
			);
			dependencies = (
				AFD4EEBA1E6F7983008F42D2 /* PBXTargetDependency */,
			);
			name = "eShares-iOS-ChallengeTests";
			productName = "eShares-iOS-ChallengeTests";
			productReference = AFD4EEB81E6F7983008F42D2 /* eShares-iOS-ChallengeTests.xctest */;
			productType = "com.apple.product-type.bundle.unit-test";
		};
		AFD4EEC21E6F7983008F42D2 /* eShares-iOS-ChallengeUITests */ = {
			isa = PBXNativeTarget;
			buildConfigurationList = AFD4EED21E6F7983008F42D2 /* Build configuration list for PBXNativeTarget "eShares-iOS-ChallengeUITests" */;
			buildPhases = (
				3A4394D3C694C0FE469667B8 /* [CP] Check Pods Manifest.lock */,
				AFD4EEBF1E6F7983008F42D2 /* Sources */,
				AFD4EEC01E6F7983008F42D2 /* Frameworks */,
				AFD4EEC11E6F7983008F42D2 /* Resources */,
				0408812BF568D0D8BEAFF83D /* [CP] Embed Pods Frameworks */,
				6B58D38C552CCA1F33200B77 /* [CP] Copy Pods Resources */,
			);
			buildRules = (
			);
			dependencies = (
				AFD4EEC51E6F7983008F42D2 /* PBXTargetDependency */,
			);
			name = "eShares-iOS-ChallengeUITests";
			productName = "eShares-iOS-ChallengeUITests";
			productReference = AFD4EEC31E6F7983008F42D2 /* eShares-iOS-ChallengeUITests.xctest */;
			productType = "com.apple.product-type.bundle.ui-testing";
		};
/* End PBXNativeTarget section */

/* Begin PBXProject section */
		AFD4EE991E6F7982008F42D2 /* Project object */ = {
			isa = PBXProject;
			attributes = {
				LastSwiftUpdateCheck = 0820;
				LastUpgradeCheck = 0820;
				ORGANIZATIONNAME = "Thiago Orniz Martin";
				TargetAttributes = {
					AFD4EEA01E6F7982008F42D2 = {
						CreatedOnToolsVersion = 8.2.1;
						DevelopmentTeam = SVMRB674Q7;
						ProvisioningStyle = Automatic;
					};
					AFD4EEB71E6F7983008F42D2 = {
						CreatedOnToolsVersion = 8.2.1;
						DevelopmentTeam = SVMRB674Q7;
						ProvisioningStyle = Automatic;
						TestTargetID = AFD4EEA01E6F7982008F42D2;
					};
					AFD4EEC21E6F7983008F42D2 = {
						CreatedOnToolsVersion = 8.2.1;
						DevelopmentTeam = SVMRB674Q7;
						ProvisioningStyle = Automatic;
						TestTargetID = AFD4EEA01E6F7982008F42D2;
					};
				};
			};
			buildConfigurationList = AFD4EE9C1E6F7982008F42D2 /* Build configuration list for PBXProject "eShares-iOS-Challenge" */;
			compatibilityVersion = "Xcode 3.2";
			developmentRegion = English;
			hasScannedForEncodings = 0;
			knownRegions = (
				en,
				Base,
			);
			mainGroup = AFD4EE981E6F7982008F42D2;
			productRefGroup = AFD4EEA21E6F7983008F42D2 /* Products */;
			projectDirPath = "";
			projectRoot = "";
			targets = (
				AFD4EEA01E6F7982008F42D2 /* eShares-iOS-Challenge */,
				AFD4EEB71E6F7983008F42D2 /* eShares-iOS-ChallengeTests */,
				AFD4EEC21E6F7983008F42D2 /* eShares-iOS-ChallengeUITests */,
			);
		};
/* End PBXProject section */

/* Begin PBXResourcesBuildPhase section */
		AFD4EE9F1E6F7982008F42D2 /* Resources */ = {
			isa = PBXResourcesBuildPhase;
			buildActionMask = 2147483647;
			files = (
				AFD4EEB21E6F7983008F42D2 /* LaunchScreen.storyboard in Resources */,
				AFD4EEAF1E6F7983008F42D2 /* Assets.xcassets in Resources */,
				AFD4EEAA1E6F7983008F42D2 /* Main.storyboard in Resources */,
			);
			runOnlyForDeploymentPostprocessing = 0;
		};
		AFD4EEB61E6F7983008F42D2 /* Resources */ = {
			isa = PBXResourcesBuildPhase;
			buildActionMask = 2147483647;
			files = (
			);
			runOnlyForDeploymentPostprocessing = 0;
		};
		AFD4EEC11E6F7983008F42D2 /* Resources */ = {
			isa = PBXResourcesBuildPhase;
			buildActionMask = 2147483647;
			files = (
			);
			runOnlyForDeploymentPostprocessing = 0;
		};
/* End PBXResourcesBuildPhase section */

/* Begin PBXShellScriptBuildPhase section */
		03374E2D2FDA3FC39B7D925B /* [CP] Copy Pods Resources */ = {
			isa = PBXShellScriptBuildPhase;
			buildActionMask = 2147483647;
			files = (
			);
			inputPaths = (
			);
			name = "[CP] Copy Pods Resources";
			outputPaths = (
			);
			runOnlyForDeploymentPostprocessing = 0;
			shellPath = /bin/sh;
			shellScript = "\"${SRCROOT}/Pods/Target Support Files/Pods-eShares-iOS-ChallengeTests/Pods-eShares-iOS-ChallengeTests-resources.sh\"\n";
			showEnvVarsInLog = 0;
		};
		0408812BF568D0D8BEAFF83D /* [CP] Embed Pods Frameworks */ = {
			isa = PBXShellScriptBuildPhase;
			buildActionMask = 2147483647;
			files = (
			);
			inputPaths = (
			);
			name = "[CP] Embed Pods Frameworks";
			outputPaths = (
			);
			runOnlyForDeploymentPostprocessing = 0;
			shellPath = /bin/sh;
			shellScript = "\"${SRCROOT}/Pods/Target Support Files/Pods-eShares-iOS-ChallengeUITests/Pods-eShares-iOS-ChallengeUITests-frameworks.sh\"\n";
			showEnvVarsInLog = 0;
		};
		09EEAF11A4AFA884B237D29C /* [CP] Embed Pods Frameworks */ = {
			isa = PBXShellScriptBuildPhase;
			buildActionMask = 2147483647;
			files = (
			);
			inputPaths = (
			);
			name = "[CP] Embed Pods Frameworks";
			outputPaths = (
			);
			runOnlyForDeploymentPostprocessing = 0;
			shellPath = /bin/sh;
			shellScript = "\"${SRCROOT}/Pods/Target Support Files/Pods-eShares-iOS-ChallengeTests/Pods-eShares-iOS-ChallengeTests-frameworks.sh\"\n";
			showEnvVarsInLog = 0;
		};
		3A4394D3C694C0FE469667B8 /* [CP] Check Pods Manifest.lock */ = {
			isa = PBXShellScriptBuildPhase;
			buildActionMask = 2147483647;
			files = (
			);
			inputPaths = (
			);
			name = "[CP] Check Pods Manifest.lock";
			outputPaths = (
			);
			runOnlyForDeploymentPostprocessing = 0;
			shellPath = /bin/sh;
			shellScript = "diff \"${PODS_ROOT}/../Podfile.lock\" \"${PODS_ROOT}/Manifest.lock\" > /dev/null\nif [ $? != 0 ] ; then\n    # print error to STDERR\n    echo \"error: The sandbox is not in sync with the Podfile.lock. Run 'pod install' or update your CocoaPods installation.\" >&2\n    exit 1\nfi\n";
			showEnvVarsInLog = 0;
		};
		43F62EBD7A12A3FEAC3072B2 /* [CP] Embed Pods Frameworks */ = {
			isa = PBXShellScriptBuildPhase;
			buildActionMask = 2147483647;
			files = (
			);
			inputPaths = (
			);
			name = "[CP] Embed Pods Frameworks";
			outputPaths = (
			);
			runOnlyForDeploymentPostprocessing = 0;
			shellPath = /bin/sh;
			shellScript = "\"${SRCROOT}/Pods/Target Support Files/Pods-eShares-iOS-Challenge/Pods-eShares-iOS-Challenge-frameworks.sh\"\n";
			showEnvVarsInLog = 0;
		};
		4A8E5B75A5D7C9E5FCBED8DD /* [CP] Copy Pods Resources */ = {
			isa = PBXShellScriptBuildPhase;
			buildActionMask = 2147483647;
			files = (
			);
			inputPaths = (
			);
			name = "[CP] Copy Pods Resources";
			outputPaths = (
			);
			runOnlyForDeploymentPostprocessing = 0;
			shellPath = /bin/sh;
			shellScript = "\"${SRCROOT}/Pods/Target Support Files/Pods-eShares-iOS-Challenge/Pods-eShares-iOS-Challenge-resources.sh\"\n";
			showEnvVarsInLog = 0;
		};
		4F979D911F8F81E61C423525 /* [CP] Check Pods Manifest.lock */ = {
			isa = PBXShellScriptBuildPhase;
			buildActionMask = 2147483647;
			files = (
			);
			inputPaths = (
			);
			name = "[CP] Check Pods Manifest.lock";
			outputPaths = (
			);
			runOnlyForDeploymentPostprocessing = 0;
			shellPath = /bin/sh;
			shellScript = "diff \"${PODS_ROOT}/../Podfile.lock\" \"${PODS_ROOT}/Manifest.lock\" > /dev/null\nif [ $? != 0 ] ; then\n    # print error to STDERR\n    echo \"error: The sandbox is not in sync with the Podfile.lock. Run 'pod install' or update your CocoaPods installation.\" >&2\n    exit 1\nfi\n";
			showEnvVarsInLog = 0;
		};
		6B58D38C552CCA1F33200B77 /* [CP] Copy Pods Resources */ = {
			isa = PBXShellScriptBuildPhase;
			buildActionMask = 2147483647;
			files = (
			);
			inputPaths = (
			);
			name = "[CP] Copy Pods Resources";
			outputPaths = (
			);
			runOnlyForDeploymentPostprocessing = 0;
			shellPath = /bin/sh;
			shellScript = "\"${SRCROOT}/Pods/Target Support Files/Pods-eShares-iOS-ChallengeUITests/Pods-eShares-iOS-ChallengeUITests-resources.sh\"\n";
			showEnvVarsInLog = 0;
		};
		C2E88E44A301807803D452C2 /* [CP] Check Pods Manifest.lock */ = {
			isa = PBXShellScriptBuildPhase;
			buildActionMask = 2147483647;
			files = (
			);
			inputPaths = (
			);
			name = "[CP] Check Pods Manifest.lock";
			outputPaths = (
			);
			runOnlyForDeploymentPostprocessing = 0;
			shellPath = /bin/sh;
			shellScript = "diff \"${PODS_ROOT}/../Podfile.lock\" \"${PODS_ROOT}/Manifest.lock\" > /dev/null\nif [ $? != 0 ] ; then\n    # print error to STDERR\n    echo \"error: The sandbox is not in sync with the Podfile.lock. Run 'pod install' or update your CocoaPods installation.\" >&2\n    exit 1\nfi\n";
			showEnvVarsInLog = 0;
		};
/* End PBXShellScriptBuildPhase section */

/* Begin PBXSourcesBuildPhase section */
		AFD4EE9D1E6F7982008F42D2 /* Sources */ = {
			isa = PBXSourcesBuildPhase;
			buildActionMask = 2147483647;
			files = (
				AFD4EEDA1E6F7BEC008F42D2 /* SpotifyManager.swift in Sources */,
				AFD4EEA71E6F7983008F42D2 /* ReleaseTableViewController.swift in Sources */,
				AFD4EED81E6F7BAA008F42D2 /* ReleaseModel.swift in Sources */,
				AFD4EEDC1E6F7C20008F42D2 /* SpotifyDelegate.swift in Sources */,
				AF86D24B1E7208640034C1B3 /* ReleaseTableViewCell.swift in Sources */,
				AFD4EEA51E6F7983008F42D2 /* AppDelegate.swift in Sources */,
				AFD4EEDE1E6F7C4B008F42D2 /* Config.swift in Sources */,
				AF86D24D1E720A700034C1B3 /* ReleaseDetailsViewController.swift in Sources */,
				AF86D24F1E7210990034C1B3 /* UIImageView+Fetch.swift in Sources */,
			);
			runOnlyForDeploymentPostprocessing = 0;
		};
		AFD4EEB41E6F7983008F42D2 /* Sources */ = {
			isa = PBXSourcesBuildPhase;
			buildActionMask = 2147483647;
			files = (
				AFD4EEBD1E6F7983008F42D2 /* eShares_iOS_ChallengeTests.swift in Sources */,
			);
			runOnlyForDeploymentPostprocessing = 0;
		};
		AFD4EEBF1E6F7983008F42D2 /* Sources */ = {
			isa = PBXSourcesBuildPhase;
			buildActionMask = 2147483647;
			files = (
				AFD4EEC81E6F7983008F42D2 /* eShares_iOS_ChallengeUITests.swift in Sources */,
			);
			runOnlyForDeploymentPostprocessing = 0;
		};
/* End PBXSourcesBuildPhase section */

/* Begin PBXTargetDependency section */
		AFD4EEBA1E6F7983008F42D2 /* PBXTargetDependency */ = {
			isa = PBXTargetDependency;
			target = AFD4EEA01E6F7982008F42D2 /* eShares-iOS-Challenge */;
			targetProxy = AFD4EEB91E6F7983008F42D2 /* PBXContainerItemProxy */;
		};
		AFD4EEC51E6F7983008F42D2 /* PBXTargetDependency */ = {
			isa = PBXTargetDependency;
			target = AFD4EEA01E6F7982008F42D2 /* eShares-iOS-Challenge */;
			targetProxy = AFD4EEC41E6F7983008F42D2 /* PBXContainerItemProxy */;
		};
/* End PBXTargetDependency section */

/* Begin PBXVariantGroup section */
		AFD4EEA81E6F7983008F42D2 /* Main.storyboard */ = {
			isa = PBXVariantGroup;
			children = (
				AFD4EEA91E6F7983008F42D2 /* Base */,
			);
			name = Main.storyboard;
			sourceTree = "<group>";
		};
		AFD4EEB01E6F7983008F42D2 /* LaunchScreen.storyboard */ = {
			isa = PBXVariantGroup;
			children = (
				AFD4EEB11E6F7983008F42D2 /* Base */,
			);
			name = LaunchScreen.storyboard;
			sourceTree = "<group>";
		};
/* End PBXVariantGroup section */

/* Begin XCBuildConfiguration section */
		AFD4EECA1E6F7983008F42D2 /* Debug */ = {
			isa = XCBuildConfiguration;
			buildSettings = {
				ALWAYS_SEARCH_USER_PATHS = NO;
				CLANG_ANALYZER_NONNULL = YES;
				CLANG_CXX_LANGUAGE_STANDARD = "gnu++0x";
				CLANG_CXX_LIBRARY = "libc++";
				CLANG_ENABLE_MODULES = YES;
				CLANG_ENABLE_OBJC_ARC = YES;
				CLANG_WARN_BOOL_CONVERSION = YES;
				CLANG_WARN_CONSTANT_CONVERSION = YES;
				CLANG_WARN_DIRECT_OBJC_ISA_USAGE = YES_ERROR;
				CLANG_WARN_DOCUMENTATION_COMMENTS = YES;
				CLANG_WARN_EMPTY_BODY = YES;
				CLANG_WARN_ENUM_CONVERSION = YES;
				CLANG_WARN_INFINITE_RECURSION = YES;
				CLANG_WARN_INT_CONVERSION = YES;
				CLANG_WARN_OBJC_ROOT_CLASS = YES_ERROR;
				CLANG_WARN_SUSPICIOUS_MOVE = YES;
				CLANG_WARN_UNREACHABLE_CODE = YES;
				CLANG_WARN__DUPLICATE_METHOD_MATCH = YES;
				"CODE_SIGN_IDENTITY[sdk=iphoneos*]" = "iPhone Developer";
				COPY_PHASE_STRIP = NO;
				DEBUG_INFORMATION_FORMAT = dwarf;
				ENABLE_STRICT_OBJC_MSGSEND = YES;
				ENABLE_TESTABILITY = YES;
				GCC_C_LANGUAGE_STANDARD = gnu99;
				GCC_DYNAMIC_NO_PIC = NO;
				GCC_NO_COMMON_BLOCKS = YES;
				GCC_OPTIMIZATION_LEVEL = 0;
				GCC_PREPROCESSOR_DEFINITIONS = (
					"DEBUG=1",
					"$(inherited)",
				);
				GCC_WARN_64_TO_32_BIT_CONVERSION = YES;
				GCC_WARN_ABOUT_RETURN_TYPE = YES_ERROR;
				GCC_WARN_UNDECLARED_SELECTOR = YES;
				GCC_WARN_UNINITIALIZED_AUTOS = YES_AGGRESSIVE;
				GCC_WARN_UNUSED_FUNCTION = YES;
				GCC_WARN_UNUSED_VARIABLE = YES;
				IPHONEOS_DEPLOYMENT_TARGET = 10.2;
				MTL_ENABLE_DEBUG_INFO = YES;
				ONLY_ACTIVE_ARCH = YES;
				SDKROOT = iphoneos;
				SWIFT_ACTIVE_COMPILATION_CONDITIONS = DEBUG;
				SWIFT_OPTIMIZATION_LEVEL = "-Onone";
				TARGETED_DEVICE_FAMILY = "1,2";
			};
			name = Debug;
		};
		AFD4EECB1E6F7983008F42D2 /* Release */ = {
			isa = XCBuildConfiguration;
			buildSettings = {
				ALWAYS_SEARCH_USER_PATHS = NO;
				CLANG_ANALYZER_NONNULL = YES;
				CLANG_CXX_LANGUAGE_STANDARD = "gnu++0x";
				CLANG_CXX_LIBRARY = "libc++";
				CLANG_ENABLE_MODULES = YES;
				CLANG_ENABLE_OBJC_ARC = YES;
				CLANG_WARN_BOOL_CONVERSION = YES;
				CLANG_WARN_CONSTANT_CONVERSION = YES;
				CLANG_WARN_DIRECT_OBJC_ISA_USAGE = YES_ERROR;
				CLANG_WARN_DOCUMENTATION_COMMENTS = YES;
				CLANG_WARN_EMPTY_BODY = YES;
				CLANG_WARN_ENUM_CONVERSION = YES;
				CLANG_WARN_INFINITE_RECURSION = YES;
				CLANG_WARN_INT_CONVERSION = YES;
				CLANG_WARN_OBJC_ROOT_CLASS = YES_ERROR;
				CLANG_WARN_SUSPICIOUS_MOVE = YES;
				CLANG_WARN_UNREACHABLE_CODE = YES;
				CLANG_WARN__DUPLICATE_METHOD_MATCH = YES;
				"CODE_SIGN_IDENTITY[sdk=iphoneos*]" = "iPhone Developer";
				COPY_PHASE_STRIP = NO;
				DEBUG_INFORMATION_FORMAT = "dwarf-with-dsym";
				ENABLE_NS_ASSERTIONS = NO;
				ENABLE_STRICT_OBJC_MSGSEND = YES;
				GCC_C_LANGUAGE_STANDARD = gnu99;
				GCC_NO_COMMON_BLOCKS = YES;
				GCC_WARN_64_TO_32_BIT_CONVERSION = YES;
				GCC_WARN_ABOUT_RETURN_TYPE = YES_ERROR;
				GCC_WARN_UNDECLARED_SELECTOR = YES;
				GCC_WARN_UNINITIALIZED_AUTOS = YES_AGGRESSIVE;
				GCC_WARN_UNUSED_FUNCTION = YES;
				GCC_WARN_UNUSED_VARIABLE = YES;
				IPHONEOS_DEPLOYMENT_TARGET = 10.2;
				MTL_ENABLE_DEBUG_INFO = NO;
				SDKROOT = iphoneos;
				SWIFT_OPTIMIZATION_LEVEL = "-Owholemodule";
				TARGETED_DEVICE_FAMILY = "1,2";
				VALIDATE_PRODUCT = YES;
			};
			name = Release;
		};
		AFD4EECD1E6F7983008F42D2 /* Debug */ = {
			isa = XCBuildConfiguration;
			baseConfigurationReference = 376DD7448F3A42BF5E3F2ED3 /* Pods-eShares-iOS-Challenge.debug.xcconfig */;
			buildSettings = {
				ASSETCATALOG_COMPILER_APPICON_NAME = AppIcon;
				DEVELOPMENT_TEAM = SVMRB674Q7;
				INFOPLIST_FILE = "eShares-iOS-Challenge/Info.plist";
				LD_RUNPATH_SEARCH_PATHS = "$(inherited) @executable_path/Frameworks";
				PRODUCT_BUNDLE_IDENTIFIER = "com.example.eShares-iOS-Challenge";
				PRODUCT_NAME = "$(TARGET_NAME)";
				SWIFT_VERSION = 3.0;
			};
			name = Debug;
		};
		AFD4EECE1E6F7983008F42D2 /* Release */ = {
			isa = XCBuildConfiguration;
			baseConfigurationReference = C3377DDF702F0B3D9045C9D1 /* Pods-eShares-iOS-Challenge.release.xcconfig */;
			buildSettings = {
				ASSETCATALOG_COMPILER_APPICON_NAME = AppIcon;
				DEVELOPMENT_TEAM = SVMRB674Q7;
				INFOPLIST_FILE = "eShares-iOS-Challenge/Info.plist";
				LD_RUNPATH_SEARCH_PATHS = "$(inherited) @executable_path/Frameworks";
				PRODUCT_BUNDLE_IDENTIFIER = "com.example.eShares-iOS-Challenge";
				PRODUCT_NAME = "$(TARGET_NAME)";
				SWIFT_VERSION = 3.0;
			};
			name = Release;
		};
		AFD4EED01E6F7983008F42D2 /* Debug */ = {
			isa = XCBuildConfiguration;
			baseConfigurationReference = 02A773CCB1C93BF3B278656C /* Pods-eShares-iOS-ChallengeTests.debug.xcconfig */;
			buildSettings = {
				ALWAYS_EMBED_SWIFT_STANDARD_LIBRARIES = YES;
				BUNDLE_LOADER = "$(TEST_HOST)";
				DEVELOPMENT_TEAM = SVMRB674Q7;
				INFOPLIST_FILE = "eShares-iOS-ChallengeTests/Info.plist";
				LD_RUNPATH_SEARCH_PATHS = "$(inherited) @executable_path/Frameworks @loader_path/Frameworks";
				PRODUCT_BUNDLE_IDENTIFIER = "com.example.eShares-iOS-ChallengeTests";
				PRODUCT_NAME = "$(TARGET_NAME)";
				SWIFT_VERSION = 3.0;
				TEST_HOST = "$(BUILT_PRODUCTS_DIR)/eShares-iOS-Challenge.app/eShares-iOS-Challenge";
			};
			name = Debug;
		};
		AFD4EED11E6F7983008F42D2 /* Release */ = {
			isa = XCBuildConfiguration;
			baseConfigurationReference = 658599B5F89D5B4A7EA3432C /* Pods-eShares-iOS-ChallengeTests.release.xcconfig */;
			buildSettings = {
				ALWAYS_EMBED_SWIFT_STANDARD_LIBRARIES = YES;
				BUNDLE_LOADER = "$(TEST_HOST)";
				DEVELOPMENT_TEAM = SVMRB674Q7;
				INFOPLIST_FILE = "eShares-iOS-ChallengeTests/Info.plist";
				LD_RUNPATH_SEARCH_PATHS = "$(inherited) @executable_path/Frameworks @loader_path/Frameworks";
				PRODUCT_BUNDLE_IDENTIFIER = "com.example.eShares-iOS-ChallengeTests";
				PRODUCT_NAME = "$(TARGET_NAME)";
				SWIFT_VERSION = 3.0;
				TEST_HOST = "$(BUILT_PRODUCTS_DIR)/eShares-iOS-Challenge.app/eShares-iOS-Challenge";
			};
			name = Release;
		};
		AFD4EED31E6F7983008F42D2 /* Debug */ = {
			isa = XCBuildConfiguration;
			baseConfigurationReference = 2FB04D5341B037E4C030A9FF /* Pods-eShares-iOS-ChallengeUITests.debug.xcconfig */;
			buildSettings = {
				ALWAYS_EMBED_SWIFT_STANDARD_LIBRARIES = YES;
				DEVELOPMENT_TEAM = SVMRB674Q7;
				INFOPLIST_FILE = "eShares-iOS-ChallengeUITests/Info.plist";
				LD_RUNPATH_SEARCH_PATHS = "$(inherited) @executable_path/Frameworks @loader_path/Frameworks";
				PRODUCT_BUNDLE_IDENTIFIER = "com.example.eShares-iOS-ChallengeUITests";
				PRODUCT_NAME = "$(TARGET_NAME)";
				SWIFT_VERSION = 3.0;
				TEST_TARGET_NAME = "eShares-iOS-Challenge";
			};
			name = Debug;
		};
		AFD4EED41E6F7983008F42D2 /* Release */ = {
			isa = XCBuildConfiguration;
			baseConfigurationReference = F88EB17BB7745D0E7299D512 /* Pods-eShares-iOS-ChallengeUITests.release.xcconfig */;
			buildSettings = {
				ALWAYS_EMBED_SWIFT_STANDARD_LIBRARIES = YES;
				DEVELOPMENT_TEAM = SVMRB674Q7;
				INFOPLIST_FILE = "eShares-iOS-ChallengeUITests/Info.plist";
				LD_RUNPATH_SEARCH_PATHS = "$(inherited) @executable_path/Frameworks @loader_path/Frameworks";
				PRODUCT_BUNDLE_IDENTIFIER = "com.example.eShares-iOS-ChallengeUITests";
				PRODUCT_NAME = "$(TARGET_NAME)";
				SWIFT_VERSION = 3.0;
				TEST_TARGET_NAME = "eShares-iOS-Challenge";
			};
			name = Release;
		};
/* End XCBuildConfiguration section */

/* Begin XCConfigurationList section */
		AFD4EE9C1E6F7982008F42D2 /* Build configuration list for PBXProject "eShares-iOS-Challenge" */ = {
			isa = XCConfigurationList;
			buildConfigurations = (
				AFD4EECA1E6F7983008F42D2 /* Debug */,
				AFD4EECB1E6F7983008F42D2 /* Release */,
			);
			defaultConfigurationIsVisible = 0;
			defaultConfigurationName = Release;
		};
		AFD4EECC1E6F7983008F42D2 /* Build configuration list for PBXNativeTarget "eShares-iOS-Challenge" */ = {
			isa = XCConfigurationList;
			buildConfigurations = (
				AFD4EECD1E6F7983008F42D2 /* Debug */,
				AFD4EECE1E6F7983008F42D2 /* Release */,
			);
			defaultConfigurationIsVisible = 0;
			defaultConfigurationName = Release;
		};
		AFD4EECF1E6F7983008F42D2 /* Build configuration list for PBXNativeTarget "eShares-iOS-ChallengeTests" */ = {
			isa = XCConfigurationList;
			buildConfigurations = (
				AFD4EED01E6F7983008F42D2 /* Debug */,
				AFD4EED11E6F7983008F42D2 /* Release */,
			);
			defaultConfigurationIsVisible = 0;
			defaultConfigurationName = Release;
		};
		AFD4EED21E6F7983008F42D2 /* Build configuration list for PBXNativeTarget "eShares-iOS-ChallengeUITests" */ = {
			isa = XCConfigurationList;
			buildConfigurations = (
				AFD4EED31E6F7983008F42D2 /* Debug */,
				AFD4EED41E6F7983008F42D2 /* Release */,
			);
			defaultConfigurationIsVisible = 0;
			defaultConfigurationName = Release;
		};
/* End XCConfigurationList section */
	};
	rootObject = AFD4EE991E6F7982008F42D2 /* Project object */;
}
